{
  "version": "5",
  "specifiers": {
    "npm:youtubei.js@^15.1.1": "15.1.1"
  },
  "npm": {
    "@bufbuild/protobuf@2.9.0": {
      "integrity": "sha512-rnJenoStJ8nvmt9Gzye8nkYd6V22xUAnu4086ER7h1zJ508vStko4pMvDeQ446ilDTFpV5wnoc5YS7XvMwwMqA=="
    },
    "acorn@8.15.0": {
      "integrity": "sha512-NZyJarBfL7nWwIq+FDL6Zp/yHEhePMNnnJ0y3qfieCrmNvYct8uvtiV41UvlSe6apAfk0fY1FbWx+NwfmpvtTg==",
      "bin": true
    },
    "jintr@3.3.1": {
      "integrity": "sha512-nnOzyhf0SLpbWuZ270Omwbj5LcXUkTcZkVnK8/veJXtSZOiATM5gMZMdmzN75FmTyj+NVgrGaPdH12zIJ24oIA==",
      "dependencies": [
        "acorn"
      ]
    },
    "undici@6.21.3": {
      "integrity": "sha512-gBLkYIlEnSp8pFbT64yFgGE6UIB9tAkhukC23PmMDCe5Nd+cRqKxSjw5y54MK2AZMgZfJWMaNE4nYUHgi1XEOw=="
    },
    "youtubei.js@15.1.1": {
      "integrity": "sha512-fuEDj9Ky6cAQg93BrRVCbr+GTYNZQAIFZrx/a3oDRuGc3Mf5bS0dQfoYwwgjtSV7sgAKQEEdGtzRdBzOc8g72Q==",
      "dependencies": [
        "@bufbuild/protobuf",
        "jintr",
        "undici"
      ]
    }
  },
  "workspace": {
    "dependencies": [
      "npm:youtubei.js@^15.1.1"
    ]
  }
}
